
Microsoft Visual Studio Solution File, Format Version 12.00
# Visual Studio Version 16
VisualStudioVersion = 16.0.30907.101
MinimumVisualStudioVersion = 10.0.40219.1
Project("{FAE04EC0-301F-11D3-BF4B-00C04F79EFBC}") = "TaskList", "TaskList\TaskList.csproj", "{F2157B45-3896-477F-B7BE-8F76470C6E7D}"
EndProject
Global
	GlobalSection(SolutionConfigurationPlatforms) = preSolution
		Debug|Any CPU = Debug|Any CPU
		Release|Any CPU = Release|Any CPU
	EndGlobalSection
	GlobalSection(ProjectConfigurationPlatforms) = postSolution
		{F2157B45-3896-477F-B7BE-8F76470C6E7D}.Debug|Any CPU.ActiveCfg = Debug|Any CPU
		{F2157B45-3896-477F-B7BE-8F76470C6E7D}.Debug|Any CPU.Build.0 = Debug|Any CPU
		{F2157B45-3896-477F-B7BE-8F76470C6E7D}.Release|Any CPU.ActiveCfg = Release|Any CPU
		{F2157B45-3896-477F-B7BE-8F76470C6E7D}.Release|Any CPU.Build.0 = Release|Any CPU
	EndGlobalSection
	GlobalSection(SolutionProperties) = preSolution
		HideSolutionNode = FALSE
	EndGlobalSection
	GlobalSection(ExtensibilityGlobals) = postSolution
		SolutionGuid = {2FE34B54-D97D-4AB1-913F-9A33DA1335B1}
	EndGlobalSection
EndGlobal
